// !$*UTF8*$!
{
	archiveVersion = 1;
	classes = {
	};
	objectVersion = 46;
	objects = {

/* Begin PBXBuildFile section */
		469353471C7F186E00A5A852 /* AppDelegate.swift in Sources */ = {isa = PBXBuildFile; fileRef = 469353461C7F186E00A5A852 /* AppDelegate.swift */; };
		469353491C7F186F00A5A852 /* ViewController.swift in Sources */ = {isa = PBXBuildFile; fileRef = 469353481C7F186F00A5A852 /* ViewController.swift */; };
		4693534C1C7F186F00A5A852 /* Main.storyboard in Resources */ = {isa = PBXBuildFile; fileRef = 4693534A1C7F186F00A5A852 /* Main.storyboard */; };
		4693534E1C7F186F00A5A852 /* Assets.xcassets in Resources */ = {isa = PBXBuildFile; fileRef = 4693534D1C7F186F00A5A852 /* Assets.xcassets */; };
		469353511C7F186F00A5A852 /* LaunchScreen.storyboard in Resources */ = {isa = PBXBuildFile; fileRef = 4693534F1C7F186F00A5A852 /* LaunchScreen.storyboard */; };
/* End PBXBuildFile section */

/* Begin PBXFileReference section */
		469353431C7F186E00A5A852 /* MyFrameworkTest.app */ = {isa = PBXFileReference; explicitFileType = wrapper.application; includeInIndex = 0; path = MyFrameworkTest.app; sourceTree = BUILT_PRODUCTS_DIR; };
		469353461C7F186E00A5A852 /* AppDelegate.swift */ = {isa = PBXFileReference; lastKnownFileType = sourcecode.swift; path = AppDelegate.swift; sourceTree = "<group>"; };
		469353481C7F186F00A5A852 /* ViewController.swift */ = {isa = PBXFileReference; lastKnownFileType = sourcecode.swift; path = ViewController.swift; sourceTree = "<group>"; };
		4693534B1C7F186F00A5A852 /* Base */ = {isa = PBXFileReference; lastKnownFileType = file.storyboard; name = Base; path = Base.lproj/Main.storyboard; sourceTree = "<group>"; };
		4693534D1C7F186F00A5A852 /* Assets.xcassets */ = {isa = PBXFileReference; lastKnownFileType = folder.assetcatalog; path = Assets.xcassets; sourceTree = "<group>"; };
		469353501C7F186F00A5A852 /* Base */ = {isa = PBXFileReference; lastKnownFileType = file.storyboard; name = Base; path = Base.lproj/LaunchScreen.storyboard; sourceTree = "<group>"; };
		469353521C7F186F00A5A852 /* Info.plist */ = {isa = PBXFileReference; lastKnownFileType = text.plist.xml; path = Info.plist; sourceTree = "<group>"; };
/* End PBXFileReference section */

/* Begin PBXFrameworksBuildPhase section */
		469353401C7F186E00A5A852 /* Frameworks */ = {
			isa = PBXFrameworksBuildPhase;
			buildActionMask = 2147483647;
			files = (
			);
			runOnlyForDeploymentPostprocessing = 0;
		};
/* End PBXFrameworksBuildPhase section */

/* Begin PBXGroup section */
		4693533A1C7F186E00A5A852 = {
			isa = PBXGroup;
			children = (
				469353451C7F186E00A5A852 /* MyFrameworkTest */,
				469353441C7F186E00A5A852 /* Products */,
			);
			sourceTree = "<group>";
		};
		469353441C7F186E00A5A852 /* Products */ = {
			isa = PBXGroup;
			children = (
				469353431C7F186E00A5A852 /* MyFrameworkTest.app */,
			);
			name = Products;
			sourceTree = "<group>";
		};
		469353451C7F186E00A5A852 /* MyFrameworkTest */ = {
			isa = PBXGroup;
			children = (
				469353461C7F186E00A5A852 /* AppDelegate.swift */,
				469353481C7F186F00A5A852 /* ViewController.swift */,
				4693534A1C7F186F00A5A852 /* Main.storyboard */,
				4693534D1C7F186F00A5A852 /* Assets.xcassets */,
				4693534F1C7F186F00A5A852 /* LaunchScreen.storyboard */,
				469353521C7F186F00A5A852 /* Info.plist */,
			);
			path = MyFrameworkTest;
			sourceTree = "<group>";
		};
/* End PBXGroup section */

/* Begin PBXNativeTarget section */
		469353421C7F186E00A5A852 /* MyFrameworkTest */ = {
			isa = PBXNativeTarget;
			buildConfigurationList = 469353551C7F186F00A5A852 /* Build configuration list for PBXNativeTarget "MyFrameworkTest" */;
			buildPhases = (
				4693533F1C7F186E00A5A852 /* Sources */,
				469353401C7F186E00A5A852 /* Frameworks */,
				469353411C7F186E00A5A852 /* Resources */,
			);
			buildRules = (
			);
			dependencies = (
			);
			name = MyFrameworkTest;
			productName = MyFrameworkTest;
			productReference = 469353431C7F186E00A5A852 /* MyFrameworkTest.app */;
			productType = "com.apple.product-type.application";
		};
/* End PBXNativeTarget section */

/* Begin PBXProject section */
		4693533B1C7F186E00A5A852 /* Project object */ = {
			isa = PBXProject;
			attributes = {
				LastSwiftUpdateCheck = 0720;
				LastUpgradeCheck = 0720;
				ORGANIZATIONNAME = com.my.framework.test;
				TargetAttributes = {
					469353421C7F186E00A5A852 = {
						CreatedOnToolsVersion = 7.2.1;
					};
				};
			};
			buildConfigurationList = 4693533E1C7F186E00A5A852 /* Build configuration list for PBXProject "MyFrameworkTest" */;
			compatibilityVersion = "Xcode 3.2";
			developmentRegion = English;
			hasScannedForEncodings = 0;
			knownRegions = (
				en,
				Base,
			);
			mainGroup = 4693533A1C7F186E00A5A852;
			productRefGroup = 469353441C7F186E00A5A852 /* Products */;
			projectDirPath = "";
			projectRoot = "";
			targets = (
				469353421C7F186E00A5A852 /* MyFrameworkTest */,
			);
		};
/* End PBXProject section */

/* Begin PBXResourcesBuildPhase section */
		469353411C7F186E00A5A852 /* Resources */ = {
			isa = PBXResourcesBuildPhase;
			buildActionMask = 2147483647;
			files = (
				469353511C7F186F00A5A852 /* LaunchScreen.storyboard in Resources */,
				4693534E1C7F186F00A5A852 /* Assets.xcassets in Resources */,
				4693534C1C7F186F00A5A852 /* Main.storyboard in Resources */,
			);
			runOnlyForDeploymentPostprocessing = 0;
		};
/* End PBXResourcesBuildPhase section */

/* Begin PBXSourcesBuildPhase section */
		4693533F1C7F186E00A5A852 /* Sources */ = {
			isa = PBXSourcesBuildPhase;
			buildActionMask = 2147483647;
			files = (
				469353491C7F186F00A5A852 /* ViewController.swift in Sources */,
				469353471C7F186E00A5A852 /* AppDelegate.swift in Sources */,
			);
			runOnlyForDeploymentPostprocessing = 0;
		};
/* End PBXSourcesBuildPhase section */

/* Begin PBXVariantGroup section */
		4693534A1C7F186F00A5A852 /* Main.storyboard */ = {
			isa = PBXVariantGroup;
			children = (
				4693534B1C7F186F00A5A852 /* Base */,
			);
			name = Main.storyboard;
			sourceTree = "<group>";
		};
		4693534F1C7F186F00A5A852 /* LaunchScreen.storyboard */ = {
			isa = PBXVariantGroup;
			children = (
				469353501C7F186F00A5A852 /* Base */,
			);
			name = LaunchScreen.storyboard;
			sourceTree = "<group>";
		};
/* End PBXVariantGroup section */

/* Begin XCBuildConfiguration section */
		469353531C7F186F00A5A852 /* Debug */ = {
			isa = XCBuildConfiguration;
			buildSettings = {
				ALWAYS_SEARCH_USER_PATHS = NO;
				CLANG_CXX_LANGUAGE_STANDARD = "gnu++0x";
				CLANG_CXX_LIBRARY = "libc++";
				CLANG_ENABLE_MODULES = YES;
				CLANG_ENABLE_OBJC_ARC = YES;
				CLANG_WARN_BOOL_CONVERSION = YES;
				CLANG_WARN_CONSTANT_CONVERSION = YES;
				CLANG_WARN_DIRECT_OBJC_ISA_USAGE = YES_ERROR;
				CLANG_WARN_EMPTY_BODY = YES;
				CLANG_WARN_ENUM_CONVERSION = YES;
				CLANG_WARN_INT_CONVERSION = YES;
				CLANG_WARN_OBJC_ROOT_CLASS = YES_ERROR;
				CLANG_WARN_UNREACHABLE_CODE = YES;
				CLANG_WARN__DUPLICATE_METHOD_MATCH = YES;
				"CODE_SIGN_IDENTITY[sdk=iphoneos*]" = "iPhone Developer";
				COPY_PHASE_STRIP = NO;
				DEBUG_INFORMATION_FORMAT = dwarf;
				ENABLE_STRICT_OBJC_MSGSEND = YES;
				ENABLE_TESTABILITY = YES;
				GCC_C_LANGUAGE_STANDARD = gnu99;
				GCC_DYNAMIC_NO_PIC = NO;
				GCC_NO_COMMON_BLOCKS = YES;
				GCC_OPTIMIZATION_LEVEL = 0;
				GCC_PREPROCESSOR_DEFINITIONS = (
					"DEBUG=1",
					"$(inherited)",
				);
				GCC_WARN_64_TO_32_BIT_CONVERSION = YES;
				GCC_WARN_ABOUT_RETURN_TYPE = YES_ERROR;
				GCC_WARN_UNDECLARED_SELECTOR = YES;
				GCC_WARN_UNINITIALIZED_AUTOS = YES_AGGRESSIVE;
				GCC_WARN_UNUSED_FUNCTION = YES;
				GCC_WARN_UNUSED_VARIABLE = YES;
				IPHONEOS_DEPLOYMENT_TARGET = 9.2;
				MTL_ENABLE_DEBUG_INFO = YES;
				ONLY_ACTIVE_ARCH = YES;
				SDKROOT = iphoneos;
				SWIFT_OPTIMIZATION_LEVEL = "-Onone";
				TARGETED_DEVICE_FAMILY = "1,2";
			};
			name = Debug;
		};
		469353541C7F186F00A5A852 /* Release */ = {
			isa = XCBuildConfiguration;
			buildSettings = {
				ALWAYS_SEARCH_USER_PATHS = NO;
				CLANG_CXX_LANGUAGE_STANDARD = "gnu++0x";
				CLANG_CXX_LIBRARY = "libc++";
				CLANG_ENABLE_MODULES = YES;
				CLANG_ENABLE_OBJC_ARC = YES;
				CLANG_WARN_BOOL_CONVERSION = YES;
				CLANG_WARN_CONSTANT_CONVERSION = YES;
				CLANG_WARN_DIRECT_OBJC_ISA_USAGE = YES_ERROR;
				CLANG_WARN_EMPTY_BODY = YES;
				CLANG_WARN_ENUM_CONVERSION = YES;
				CLANG_WARN_INT_CONVERSION = YES;
				CLANG_WARN_OBJC_ROOT_CLASS = YES_ERROR;
				CLANG_WARN_UNREACHABLE_CODE = YES;
				CLANG_WARN__DUPLICATE_METHOD_MATCH = YES;
				"CODE_SIGN_IDENTITY[sdk=iphoneos*]" = "iPhone Developer";
				COPY_PHASE_STRIP = NO;
				DEBUG_INFORMATION_FORMAT = "dwarf-with-dsym";
				ENABLE_NS_ASSERTIONS = NO;
				ENABLE_STRICT_OBJC_MSGSEND = YES;
				GCC_C_LANGUAGE_STANDARD = gnu99;
				GCC_NO_COMMON_BLOCKS = YES;
				GCC_WARN_64_TO_32_BIT_CONVERSION = YES;
				GCC_WARN_ABOUT_RETURN_TYPE = YES_ERROR;
				GCC_WARN_UNDECLARED_SELECTOR = YES;
				GCC_WARN_UNINITIALIZED_AUTOS = YES_AGGRESSIVE;
				GCC_WARN_UNUSED_FUNCTION = YES;
				GCC_WARN_UNUSED_VARIABLE = YES;
				IPHONEOS_DEPLOYMENT_TARGET = 9.2;
				MTL_ENABLE_DEBUG_INFO = NO;
				SDKROOT = iphoneos;
				TARGETED_DEVICE_FAMILY = "1,2";
				VALIDATE_PRODUCT = YES;
			};
			name = Release;
		};
		469353561C7F186F00A5A852 /* Debug */ = {
			isa = XCBuildConfiguration;
			buildSettings = {
				ASSETCATALOG_COMPILER_APPICON_NAME = AppIcon;
				INFOPLIST_FILE = MyFrameworkTest/Info.plist;
				LD_RUNPATH_SEARCH_PATHS = "$(inherited) @executable_path/Frameworks";
				PRODUCT_BUNDLE_IDENTIFIER = com.my.framework.test.MyFrameworkTest;
				PRODUCT_NAME = "$(TARGET_NAME)";
			};
			name = Debug;
		};
		469353571C7F186F00A5A852 /* Release */ = {
			isa = XCBuildConfiguration;
			buildSettings = {
				ASSETCATALOG_COMPILER_APPICON_NAME = AppIcon;
				INFOPLIST_FILE = MyFrameworkTest/Info.plist;
				LD_RUNPATH_SEARCH_PATHS = "$(inherited) @executable_path/Frameworks";
				PRODUCT_BUNDLE_IDENTIFIER = com.my.framework.test.MyFrameworkTest;
				PRODUCT_NAME = "$(TARGET_NAME)";
			};
			name = Release;
		};
/* End XCBuildConfiguration section */

/* Begin XCConfigurationList section */
		4693533E1C7F186E00A5A852 /* Build configuration list for PBXProject "MyFrameworkTest" */ = {
			isa = XCConfigurationList;
			buildConfigurations = (
				469353531C7F186F00A5A852 /* Debug */,
				469353541C7F186F00A5A852 /* Release */,
			);
			defaultConfigurationIsVisible = 0;
			defaultConfigurationName = Release;
		};
		469353551C7F186F00A5A852 /* Build configuration list for PBXNativeTarget "MyFrameworkTest" */ = {
			isa = XCConfigurationList;
			buildConfigurations = (
				469353561C7F186F00A5A852 /* Debug */,
				469353571C7F186F00A5A852 /* Release */,
			);
			defaultConfigurationIsVisible = 0;
		};
/* End XCConfigurationList section */
	};
	rootObject = 4693533B1C7F186E00A5A852 /* Project object */;
}
